
Microsoft Visual Studio Solution File, Format Version 12.00
# Visual Studio 15
VisualStudioVersion = 15.0.27130.2024
MinimumVisualStudioVersion = 10.0.40219.1
Project("{FAE04EC0-301F-11D3-BF4B-00C04F79EFBC}") = "WebApiODataServiceTest", "WebApiODataServiceTest\WebApiODataServiceTest.csproj", "{5236761F-7E8B-4FB0-9144-D1113EFB6E4D}"
EndProject
Global
	GlobalSection(SolutionConfigurationPlatforms) = preSolution
		Debug|Any CPU = Debug|Any CPU
		Release|Any CPU = Release|Any CPU
	EndGlobalSection
	GlobalSection(ProjectConfigurationPlatforms) = postSolution
		{5236761F-7E8B-4FB0-9144-D1113EFB6E4D}.Debug|Any CPU.ActiveCfg = Debug|Any CPU
		{5236761F-7E8B-4FB0-9144-D1113EFB6E4D}.Debug|Any CPU.Build.0 = Debug|Any CPU
		{5236761F-7E8B-4FB0-9144-D1113EFB6E4D}.Release|Any CPU.ActiveCfg = Release|Any CPU
		{5236761F-7E8B-4FB0-9144-D1113EFB6E4D}.Release|Any CPU.Build.0 = Release|Any CPU
	EndGlobalSection
	GlobalSection(SolutionProperties) = preSolution
		HideSolutionNode = FALSE
	EndGlobalSection
	GlobalSection(ExtensibilityGlobals) = postSolution
		SolutionGuid = {0B7B0194-FFE0-4BC0-A362-131A5B37CB73}
	EndGlobalSection
EndGlobal
